// !$*UTF8*$!
{
	archiveVersion = 1;
	classes = {
	};
	objectVersion = 48;
	objects = {

/* Begin PBXBuildFile section */
		C66C4128200D7F660093268C /* AppDelegate.swift in Sources */ = {isa = PBXBuildFile; fileRef = C66C4127200D7F660093268C /* AppDelegate.swift */; };
		C66C412A200D7F660093268C /* ToDoListViewController.swift in Sources */ = {isa = PBXBuildFile; fileRef = C66C4129200D7F660093268C /* ToDoListViewController.swift */; };
		C66C412D200D7F660093268C /* Main.storyboard in Resources */ = {isa = PBXBuildFile; fileRef = C66C412B200D7F660093268C /* Main.storyboard */; };
		C66C412F200D7F660093268C /* Assets.xcassets in Resources */ = {isa = PBXBuildFile; fileRef = C66C412E200D7F660093268C /* Assets.xcassets */; };
		C66C4132200D7F660093268C /* LaunchScreen.storyboard in Resources */ = {isa = PBXBuildFile; fileRef = C66C4130200D7F660093268C /* LaunchScreen.storyboard */; };
		C675CF0A201077EE00CAC61E /* Info.plist in Resources */ = {isa = PBXBuildFile; fileRef = C675CF09201077EE00CAC61E /* Info.plist */; };
		C6B04654201197FC003A1A27 /* DataModel.xcdatamodeld in Sources */ = {isa = PBXBuildFile; fileRef = C6B04652201197FC003A1A27 /* DataModel.xcdatamodeld */; };
		C6D71B772016FD6C0026B199 /* CategoryViewController.swift in Sources */ = {isa = PBXBuildFile; fileRef = C6D71B762016FD6C0026B199 /* CategoryViewController.swift */; };
/* End PBXBuildFile section */

/* Begin PBXFileReference section */
		C66C4124200D7F660093268C /* GetDone.app */ = {isa = PBXFileReference; explicitFileType = wrapper.application; includeInIndex = 0; path = GetDone.app; sourceTree = BUILT_PRODUCTS_DIR; };
		C66C4127200D7F660093268C /* AppDelegate.swift */ = {isa = PBXFileReference; lastKnownFileType = sourcecode.swift; path = AppDelegate.swift; sourceTree = "<group>"; };
		C66C4129200D7F660093268C /* ToDoListViewController.swift */ = {isa = PBXFileReference; lastKnownFileType = sourcecode.swift; path = ToDoListViewController.swift; sourceTree = "<group>"; };
		C66C412C200D7F660093268C /* Base */ = {isa = PBXFileReference; lastKnownFileType = file.storyboard; name = Base; path = Base.lproj/Main.storyboard; sourceTree = "<group>"; };
		C66C412E200D7F660093268C /* Assets.xcassets */ = {isa = PBXFileReference; lastKnownFileType = folder.assetcatalog; path = Assets.xcassets; sourceTree = "<group>"; };
		C66C4131200D7F660093268C /* Base */ = {isa = PBXFileReference; lastKnownFileType = file.storyboard; name = Base; path = Base.lproj/LaunchScreen.storyboard; sourceTree = "<group>"; };
		C675CF09201077EE00CAC61E /* Info.plist */ = {isa = PBXFileReference; explicitFileType = text.plist.xml; fileEncoding = 4; name = Info.plist; path = GetDone/Info.plist; sourceTree = "<group>"; };
		C6B04653201197FC003A1A27 /* DataModel.xcdatamodel */ = {isa = PBXFileReference; lastKnownFileType = wrapper.xcdatamodel; path = DataModel.xcdatamodel; sourceTree = "<group>"; };
		C6D71B762016FD6C0026B199 /* CategoryViewController.swift */ = {isa = PBXFileReference; lastKnownFileType = sourcecode.swift; path = CategoryViewController.swift; sourceTree = "<group>"; };
/* End PBXFileReference section */

/* Begin PBXFrameworksBuildPhase section */
		C66C4121200D7F660093268C /* Frameworks */ = {
			isa = PBXFrameworksBuildPhase;
			buildActionMask = 2147483647;
			files = (
			);
			runOnlyForDeploymentPostprocessing = 0;
		};
/* End PBXFrameworksBuildPhase section */

/* Begin PBXGroup section */
		C6024548201070FF002CE35D /* Data Model */ = {
			isa = PBXGroup;
			children = (
				C6B04652201197FC003A1A27 /* DataModel.xcdatamodeld */,
			);
			path = "Data Model";
			sourceTree = "<group>";
		};
		C602454920107109002CE35D /* Controllers */ = {
			isa = PBXGroup;
			children = (
				C6D71B762016FD6C0026B199 /* CategoryViewController.swift */,
				C66C4129200D7F660093268C /* ToDoListViewController.swift */,
			);
			path = Controllers;
			sourceTree = "<group>";
		};
		C602454A2010711F002CE35D /* Views */ = {
			isa = PBXGroup;
			children = (
				C66C412B200D7F660093268C /* Main.storyboard */,
			);
			path = Views;
			sourceTree = "<group>";
		};
		C602454B20107133002CE35D /* Supporting Files */ = {
			isa = PBXGroup;
			children = (
				C66C412E200D7F660093268C /* Assets.xcassets */,
				C66C4130200D7F660093268C /* LaunchScreen.storyboard */,
			);
			path = "Supporting Files";
			sourceTree = "<group>";
		};
		C66C411B200D7F660093268C = {
			isa = PBXGroup;
			children = (
				C66C4126200D7F660093268C /* GetDone */,
				C675CF09201077EE00CAC61E /* Info.plist */,
				C66C4125200D7F660093268C /* Products */,
			);
			sourceTree = "<group>";
		};
		C66C4125200D7F660093268C /* Products */ = {
			isa = PBXGroup;
			children = (
				C66C4124200D7F660093268C /* GetDone.app */,
			);
			name = Products;
			sourceTree = "<group>";
		};
		C66C4126200D7F660093268C /* GetDone */ = {
			isa = PBXGroup;
			children = (
				C66C4127200D7F660093268C /* AppDelegate.swift */,
				C6024548201070FF002CE35D /* Data Model */,
				C602454920107109002CE35D /* Controllers */,
				C602454A2010711F002CE35D /* Views */,
				C602454B20107133002CE35D /* Supporting Files */,
			);
			path = GetDone;
			sourceTree = "<group>";
		};
/* End PBXGroup section */

/* Begin PBXNativeTarget section */
		C66C4123200D7F660093268C /* GetDone */ = {
			isa = PBXNativeTarget;
			buildConfigurationList = C66C4136200D7F660093268C /* Build configuration list for PBXNativeTarget "GetDone" */;
			buildPhases = (
				C66C4120200D7F660093268C /* Sources */,
				C66C4121200D7F660093268C /* Frameworks */,
				C66C4122200D7F660093268C /* Resources */,
			);
			buildRules = (
			);
			dependencies = (
			);
			name = GetDone;
			productName = GetDone;
			productReference = C66C4124200D7F660093268C /* GetDone.app */;
			productType = "com.apple.product-type.application";
		};
/* End PBXNativeTarget section */

/* Begin PBXProject section */
		C66C411C200D7F660093268C /* Project object */ = {
			isa = PBXProject;
			attributes = {
				LastSwiftUpdateCheck = 0920;
				LastUpgradeCheck = 0920;
				ORGANIZATIONNAME = "Edris Ahadi";
				TargetAttributes = {
					C66C4123200D7F660093268C = {
						CreatedOnToolsVersion = 9.2;
						ProvisioningStyle = Automatic;
					};
				};
			};
			buildConfigurationList = C66C411F200D7F660093268C /* Build configuration list for PBXProject "GetDone" */;
			compatibilityVersion = "Xcode 8.0";
			developmentRegion = en;
			hasScannedForEncodings = 0;
			knownRegions = (
				en,
				Base,
			);
			mainGroup = C66C411B200D7F660093268C;
			productRefGroup = C66C4125200D7F660093268C /* Products */;
			projectDirPath = "";
			projectRoot = "";
			targets = (
				C66C4123200D7F660093268C /* GetDone */,
			);
		};
/* End PBXProject section */

/* Begin PBXResourcesBuildPhase section */
		C66C4122200D7F660093268C /* Resources */ = {
			isa = PBXResourcesBuildPhase;
			buildActionMask = 2147483647;
			files = (
				C675CF0A201077EE00CAC61E /* Info.plist in Resources */,
				C66C4132200D7F660093268C /* LaunchScreen.storyboard in Resources */,
				C66C412F200D7F660093268C /* Assets.xcassets in Resources */,
				C66C412D200D7F660093268C /* Main.storyboard in Resources */,
			);
			runOnlyForDeploymentPostprocessing = 0;
		};
/* End PBXResourcesBuildPhase section */

/* Begin PBXSourcesBuildPhase section */
		C66C4120200D7F660093268C /* Sources */ = {
			isa = PBXSourcesBuildPhase;
			buildActionMask = 2147483647;
			files = (
				C6D71B772016FD6C0026B199 /* CategoryViewController.swift in Sources */,
				C66C412A200D7F660093268C /* ToDoListViewController.swift in Sources */,
				C6B04654201197FC003A1A27 /* DataModel.xcdatamodeld in Sources */,
				C66C4128200D7F660093268C /* AppDelegate.swift in Sources */,
			);
			runOnlyForDeploymentPostprocessing = 0;
		};
/* End PBXSourcesBuildPhase section */

/* Begin PBXVariantGroup section */
		C66C412B200D7F660093268C /* Main.storyboard */ = {
			isa = PBXVariantGroup;
			children = (
				C66C412C200D7F660093268C /* Base */,
			);
			name = Main.storyboard;
			sourceTree = "<group>";
		};
		C66C4130200D7F660093268C /* LaunchScreen.storyboard */ = {
			isa = PBXVariantGroup;
			children = (
				C66C4131200D7F660093268C /* Base */,
			);
			name = LaunchScreen.storyboard;
			sourceTree = "<group>";
		};
/* End PBXVariantGroup section */

/* Begin XCBuildConfiguration section */
		C66C4134200D7F660093268C /* Debug */ = {
			isa = XCBuildConfiguration;
			buildSettings = {
				ALWAYS_SEARCH_USER_PATHS = NO;
				CLANG_ANALYZER_NONNULL = YES;
				CLANG_ANALYZER_NUMBER_OBJECT_CONVERSION = YES_AGGRESSIVE;
				CLANG_CXX_LANGUAGE_STANDARD = "gnu++14";
				CLANG_CXX_LIBRARY = "libc++";
				CLANG_ENABLE_MODULES = YES;
				CLANG_ENABLE_OBJC_ARC = YES;
				CLANG_WARN_BLOCK_CAPTURE_AUTORELEASING = YES;
				CLANG_WARN_BOOL_CONVERSION = YES;
				CLANG_WARN_COMMA = YES;
				CLANG_WARN_CONSTANT_CONVERSION = YES;
				CLANG_WARN_DIRECT_OBJC_ISA_USAGE = YES_ERROR;
				CLANG_WARN_DOCUMENTATION_COMMENTS = YES;
				CLANG_WARN_EMPTY_BODY = YES;
				CLANG_WARN_ENUM_CONVERSION = YES;
				CLANG_WARN_INFINITE_RECURSION = YES;
				CLANG_WARN_INT_CONVERSION = YES;
				CLANG_WARN_NON_LITERAL_NULL_CONVERSION = YES;
				CLANG_WARN_OBJC_LITERAL_CONVERSION = YES;
				CLANG_WARN_OBJC_ROOT_CLASS = YES_ERROR;
				CLANG_WARN_RANGE_LOOP_ANALYSIS = YES;
				CLANG_WARN_STRICT_PROTOTYPES = YES;
				CLANG_WARN_SUSPICIOUS_MOVE = YES;
				CLANG_WARN_UNGUARDED_AVAILABILITY = YES_AGGRESSIVE;
				CLANG_WARN_UNREACHABLE_CODE = YES;
				CLANG_WARN__DUPLICATE_METHOD_MATCH = YES;
				CODE_SIGN_IDENTITY = "iPhone Developer";
				COPY_PHASE_STRIP = NO;
				DEBUG_INFORMATION_FORMAT = dwarf;
				ENABLE_STRICT_OBJC_MSGSEND = YES;
				ENABLE_TESTABILITY = YES;
				GCC_C_LANGUAGE_STANDARD = gnu11;
				GCC_DYNAMIC_NO_PIC = NO;
				GCC_NO_COMMON_BLOCKS = YES;
				GCC_OPTIMIZATION_LEVEL = 0;
				GCC_PREPROCESSOR_DEFINITIONS = (
					"DEBUG=1",
					"$(inherited)",
				);
				GCC_WARN_64_TO_32_BIT_CONVERSION = YES;
				GCC_WARN_ABOUT_RETURN_TYPE = YES_ERROR;
				GCC_WARN_UNDECLARED_SELECTOR = YES;
				GCC_WARN_UNINITIALIZED_AUTOS = YES_AGGRESSIVE;
				GCC_WARN_UNUSED_FUNCTION = YES;
				GCC_WARN_UNUSED_VARIABLE = YES;
				IPHONEOS_DEPLOYMENT_TARGET = 11.2;
				MTL_ENABLE_DEBUG_INFO = YES;
				ONLY_ACTIVE_ARCH = YES;
				SDKROOT = iphoneos;
				SWIFT_ACTIVE_COMPILATION_CONDITIONS = DEBUG;
				SWIFT_OPTIMIZATION_LEVEL = "-Onone";
			};
			name = Debug;
		};
		C66C4135200D7F660093268C /* Release */ = {
			isa = XCBuildConfiguration;
			buildSettings = {
				ALWAYS_SEARCH_USER_PATHS = NO;
				CLANG_ANALYZER_NONNULL = YES;
				CLANG_ANALYZER_NUMBER_OBJECT_CONVERSION = YES_AGGRESSIVE;
				CLANG_CXX_LANGUAGE_STANDARD = "gnu++14";
				CLANG_CXX_LIBRARY = "libc++";
				CLANG_ENABLE_MODULES = YES;
				CLANG_ENABLE_OBJC_ARC = YES;
				CLANG_WARN_BLOCK_CAPTURE_AUTORELEASING = YES;
				CLANG_WARN_BOOL_CONVERSION = YES;
				CLANG_WARN_COMMA = YES;
				CLANG_WARN_CONSTANT_CONVERSION = YES;
				CLANG_WARN_DIRECT_OBJC_ISA_USAGE = YES_ERROR;
				CLANG_WARN_DOCUMENTATION_COMMENTS = YES;
				CLANG_WARN_EMPTY_BODY = YES;
				CLANG_WARN_ENUM_CONVERSION = YES;
				CLANG_WARN_INFINITE_RECURSION = YES;
				CLANG_WARN_INT_CONVERSION = YES;
				CLANG_WARN_NON_LITERAL_NULL_CONVERSION = YES;
				CLANG_WARN_OBJC_LITERAL_CONVERSION = YES;
				CLANG_WARN_OBJC_ROOT_CLASS = YES_ERROR;
				CLANG_WARN_RANGE_LOOP_ANALYSIS = YES;
				CLANG_WARN_STRICT_PROTOTYPES = YES;
				CLANG_WARN_SUSPICIOUS_MOVE = YES;
				CLANG_WARN_UNGUARDED_AVAILABILITY = YES_AGGRESSIVE;
				CLANG_WARN_UNREACHABLE_CODE = YES;
				CLANG_WARN__DUPLICATE_METHOD_MATCH = YES;
				CODE_SIGN_IDENTITY = "iPhone Developer";
				COPY_PHASE_STRIP = NO;
				DEBUG_INFORMATION_FORMAT = "dwarf-with-dsym";
				ENABLE_NS_ASSERTIONS = NO;
				ENABLE_STRICT_OBJC_MSGSEND = YES;
				GCC_C_LANGUAGE_STANDARD = gnu11;
				GCC_NO_COMMON_BLOCKS = YES;
				GCC_WARN_64_TO_32_BIT_CONVERSION = YES;
				GCC_WARN_ABOUT_RETURN_TYPE = YES_ERROR;
				GCC_WARN_UNDECLARED_SELECTOR = YES;
				GCC_WARN_UNINITIALIZED_AUTOS = YES_AGGRESSIVE;
				GCC_WARN_UNUSED_FUNCTION = YES;
				GCC_WARN_UNUSED_VARIABLE = YES;
				IPHONEOS_DEPLOYMENT_TARGET = 11.2;
				MTL_ENABLE_DEBUG_INFO = NO;
				SDKROOT = iphoneos;
				SWIFT_OPTIMIZATION_LEVEL = "-Owholemodule";
				VALIDATE_PRODUCT = YES;
			};
			name = Release;
		};
		C66C4137200D7F660093268C /* Debug */ = {
			isa = XCBuildConfiguration;
			buildSettings = {
				ASSETCATALOG_COMPILER_APPICON_NAME = AppIcon;
				CODE_SIGN_STYLE = Automatic;
				INFOPLIST_FILE = GetDone/Info.plist;
				LD_RUNPATH_SEARCH_PATHS = "$(inherited) @executable_path/Frameworks";
				PRODUCT_BUNDLE_IDENTIFIER = com.AhadiCodes.GetDone;
				PRODUCT_NAME = "$(TARGET_NAME)";
				SWIFT_VERSION = 4.0;
				TARGETED_DEVICE_FAMILY = "1,2";
			};
			name = Debug;
		};
		C66C4138200D7F660093268C /* Release */ = {
			isa = XCBuildConfiguration;
			buildSettings = {
				ASSETCATALOG_COMPILER_APPICON_NAME = AppIcon;
				CODE_SIGN_STYLE = Automatic;
				INFOPLIST_FILE = GetDone/Info.plist;
				LD_RUNPATH_SEARCH_PATHS = "$(inherited) @executable_path/Frameworks";
				PRODUCT_BUNDLE_IDENTIFIER = com.AhadiCodes.GetDone;
				PRODUCT_NAME = "$(TARGET_NAME)";
				SWIFT_VERSION = 4.0;
				TARGETED_DEVICE_FAMILY = "1,2";
			};
			name = Release;
		};
/* End XCBuildConfiguration section */

/* Begin XCConfigurationList section */
		C66C411F200D7F660093268C /* Build configuration list for PBXProject "GetDone" */ = {
			isa = XCConfigurationList;
			buildConfigurations = (
				C66C4134200D7F660093268C /* Debug */,
				C66C4135200D7F660093268C /* Release */,
			);
			defaultConfigurationIsVisible = 0;
			defaultConfigurationName = Release;
		};
		C66C4136200D7F660093268C /* Build configuration list for PBXNativeTarget "GetDone" */ = {
			isa = XCConfigurationList;
			buildConfigurations = (
				C66C4137200D7F660093268C /* Debug */,
				C66C4138200D7F660093268C /* Release */,
			);
			defaultConfigurationIsVisible = 0;
			defaultConfigurationName = Release;
		};
/* End XCConfigurationList section */

/* Begin XCVersionGroup section */
		C6B04652201197FC003A1A27 /* DataModel.xcdatamodeld */ = {
			isa = XCVersionGroup;
			children = (
				C6B04653201197FC003A1A27 /* DataModel.xcdatamodel */,
			);
			currentVersion = C6B04653201197FC003A1A27 /* DataModel.xcdatamodel */;
			path = DataModel.xcdatamodeld;
			sourceTree = "<group>";
			versionGroupType = wrapper.xcdatamodel;
		};
/* End XCVersionGroup section */
	};
	rootObject = C66C411C200D7F660093268C /* Project object */;
}
